# This file is automatically @generated by Poetry 1.8.3 and should not be changed by hand.

[[package]]
name = "aioftp"
version = "0.23.1"
description = "ftp client/server for asyncio"
optional = false
python-versions = ">=3.9"
files = [
    {file = "aioftp-0.23.1-py3-none-any.whl", hash = "sha256:62d1e59804afc7e42c57e8b3fa44e03e39630323cc666018a4e870d79dc58ec0"},
    {file = "aioftp-0.23.1.tar.gz", hash = "sha256:b80eadd8ca95d2bbbcfabe7de15cbe01ac117b2e7467717374de467bad93570b"},
]

[package.extras]
dev = ["alabaster", "async-timeout (>=4.0.0)", "docutils (<0.18.0)", "pre-commit", "pytest", "pytest-asyncio", "pytest-cov", "ruff", "siosocks", "sphinx", "trustme"]
socks = ["siosocks (>=0.2.0)"]

[metadata]
lock-version = "2.0"
python-versions = "^3.12"
content-hash = "00f736ab3fbe71c8e0a5dd1aef2bd73061b7e1ec895b20bc256011a99c80c9fb"
